PODS:
  - CalculateCalendarLogic (0.3.0)
  - FSCalendar (2.8.1)

DEPENDENCIES:
  - CalculateCalendarLogic
  - FSCalendar

SPEC REPOS:
  trunk:
    - CalculateCalendarLogic
    - FSCalendar

SPEC CHECKSUMS:
  CalculateCalendarLogic: cd5b2c706a8628bb924c5ee9d05c4f61bdbaf390
  FSCalendar: 5245140456fcbcac5824c203b98bd8068bdfee1a

PODFILE CHECKSUM: 7d356e9e2089280de11e8e70ef523b528bb32b0c

COCOAPODS: 1.8.4
